
Microsoft Visual Studio Solution File, Format Version 12.00
# Visual Studio Version 17
VisualStudioVersion = 17.5.33414.496
MinimumVisualStudioVersion = 10.0.40219.1
Project("{FAE04EC0-301F-11D3-BF4B-00C04F79EFBC}") = "Producer", "Producer.csproj", "{F777764E-D070-43B0-B480-146A332E2094}"
EndProject
Global
	GlobalSection(SolutionConfigurationPlatforms) = preSolution
		Debug|Any CPU = Debug|Any CPU
		Release|Any CPU = Release|Any CPU
	EndGlobalSection
	GlobalSection(ProjectConfigurationPlatforms) = postSolution
		{F777764E-D070-43B0-B480-146A332E2094}.Debug|Any CPU.ActiveCfg = Debug|Any CPU
		{F777764E-D070-43B0-B480-146A332E2094}.Debug|Any CPU.Build.0 = Debug|Any CPU
		{F777764E-D070-43B0-B480-146A332E2094}.Release|Any CPU.ActiveCfg = Release|Any CPU
		{F777764E-D070-43B0-B480-146A332E2094}.Release|Any CPU.Build.0 = Release|Any CPU
	EndGlobalSection
	GlobalSection(SolutionProperties) = preSolution
		HideSolutionNode = FALSE
	EndGlobalSection
	GlobalSection(ExtensibilityGlobals) = postSolution
		SolutionGuid = {ECB7084F-108D-460A-B187-4F493F7BE5FF}
	EndGlobalSection
EndGlobal
